
Microsoft Visual Studio Solution File, Format Version 12.00
# Visual Studio Version 16
VisualStudioVersion = 16.0.32802.440
MinimumVisualStudioVersion = 10.0.40219.1
Project("{FAE04EC0-301F-11D3-BF4B-00C04F79EFBC}") = "Math", "Math.csproj", "{DA5E17D7-6ECE-4180-A002-9581526F6F38}"
EndProject
Project("{FAE04EC0-301F-11D3-BF4B-00C04F79EFBC}") = "Service", "..\Service\Service.csproj", "{B22F407A-FF2A-49EB-BA0B-A77AF1FABA16}"
EndProject
Global
	GlobalSection(SolutionConfigurationPlatforms) = preSolution
		Debug|Any CPU = Debug|Any CPU
		Release|Any CPU = Release|Any CPU
	EndGlobalSection
	GlobalSection(ProjectConfigurationPlatforms) = postSolution
		{DA5E17D7-6ECE-4180-A002-9581526F6F38}.Debug|Any CPU.ActiveCfg = Debug|Any CPU
		{DA5E17D7-6ECE-4180-A002-9581526F6F38}.Debug|Any CPU.Build.0 = Debug|Any CPU
		{DA5E17D7-6ECE-4180-A002-9581526F6F38}.Release|Any CPU.ActiveCfg = Release|Any CPU
		{DA5E17D7-6ECE-4180-A002-9581526F6F38}.Release|Any CPU.Build.0 = Release|Any CPU
		{B22F407A-FF2A-49EB-BA0B-A77AF1FABA16}.Debug|Any CPU.ActiveCfg = Debug|Any CPU
		{B22F407A-FF2A-49EB-BA0B-A77AF1FABA16}.Debug|Any CPU.Build.0 = Debug|Any CPU
		{B22F407A-FF2A-49EB-BA0B-A77AF1FABA16}.Release|Any CPU.ActiveCfg = Release|Any CPU
		{B22F407A-FF2A-49EB-BA0B-A77AF1FABA16}.Release|Any CPU.Build.0 = Release|Any CPU
	EndGlobalSection
	GlobalSection(SolutionProperties) = preSolution
		HideSolutionNode = FALSE
	EndGlobalSection
	GlobalSection(ExtensibilityGlobals) = postSolution
		SolutionGuid = {D49AA231-7B82-470E-BB28-5D5B87272449}
	EndGlobalSection
EndGlobal
